
Microsoft Visual Studio Solution File, Format Version 12.00
Project("{FAE04EC0-301F-11D3-BF4B-00C04F79EFBC}") = "SigniFlow.EventHandler", "SigniFlow.EventHandler\SigniFlow.EventHandler.csproj", "{B89077AE-C63D-42DF-874A-8C8E1543AD5B}"
EndProject
Project("{FAE04EC0-301F-11D3-BF4B-00C04F79EFBC}") = "SigniFlow.EventHandler.Tests", "SigniFlow.EventHandler.Tests\SigniFlow.EventHandler.Tests.csproj", "{16F56DAB-0593-4140-B101-FDE1063B47E2}"
EndProject
Project("{2150E333-8FDC-42A3-9474-1A3956D46DE8}") = "Util", "Util", "{D1089DBF-E351-4412-A968-765715885F52}"
	ProjectSection(SolutionItems) = preProject
		azure-pipelines.yml = azure-pipelines.yml
		README.md = README.md
		azure-pipelines-sonarscan.yml = azure-pipelines-sonarscan.yml
	EndProjectSection
EndProject
Global
	GlobalSection(SolutionConfigurationPlatforms) = preSolution
		Debug|Any CPU = Debug|Any CPU
		Release|Any CPU = Release|Any CPU
	EndGlobalSection
	GlobalSection(ProjectConfigurationPlatforms) = postSolution
		{B89077AE-C63D-42DF-874A-8C8E1543AD5B}.Debug|Any CPU.ActiveCfg = Debug|Any CPU
		{B89077AE-C63D-42DF-874A-8C8E1543AD5B}.Debug|Any CPU.Build.0 = Debug|Any CPU
		{B89077AE-C63D-42DF-874A-8C8E1543AD5B}.Release|Any CPU.ActiveCfg = Release|Any CPU
		{B89077AE-C63D-42DF-874A-8C8E1543AD5B}.Release|Any CPU.Build.0 = Release|Any CPU
		{16F56DAB-0593-4140-B101-FDE1063B47E2}.Debug|Any CPU.ActiveCfg = Debug|Any CPU
		{16F56DAB-0593-4140-B101-FDE1063B47E2}.Debug|Any CPU.Build.0 = Debug|Any CPU
		{16F56DAB-0593-4140-B101-FDE1063B47E2}.Release|Any CPU.ActiveCfg = Release|Any CPU
		{16F56DAB-0593-4140-B101-FDE1063B47E2}.Release|Any CPU.Build.0 = Release|Any CPU
	EndGlobalSection
EndGlobal
